
Microsoft Visual Studio Solution File, Format Version 12.00
# Visual Studio 15
VisualStudioVersion = 15.0.28307.168
MinimumVisualStudioVersion = 10.0.40219.1
Project("{FAE04EC0-301F-11D3-BF4B-00C04F79EFBC}") = "Grades", "Grades\Grades.csproj", "{5684581B-4E94-4F64-9459-F3EF07E351BC}"
EndProject
Project("{FAE04EC0-301F-11D3-BF4B-00C04F79EFBC}") = "Grades.Test", "Grades.Test\Grades.Test.csproj", "{644106E1-253F-4D2E-AA37-36B59813AD4E}"
EndProject
Global
	GlobalSection(SolutionConfigurationPlatforms) = preSolution
		Debug|Any CPU = Debug|Any CPU
		Release|Any CPU = Release|Any CPU
	EndGlobalSection
	GlobalSection(ProjectConfigurationPlatforms) = postSolution
		{5684581B-4E94-4F64-9459-F3EF07E351BC}.Debug|Any CPU.ActiveCfg = Debug|Any CPU
		{5684581B-4E94-4F64-9459-F3EF07E351BC}.Debug|Any CPU.Build.0 = Debug|Any CPU
		{5684581B-4E94-4F64-9459-F3EF07E351BC}.Release|Any CPU.ActiveCfg = Release|Any CPU
		{5684581B-4E94-4F64-9459-F3EF07E351BC}.Release|Any CPU.Build.0 = Release|Any CPU
		{644106E1-253F-4D2E-AA37-36B59813AD4E}.Debug|Any CPU.ActiveCfg = Debug|Any CPU
		{644106E1-253F-4D2E-AA37-36B59813AD4E}.Debug|Any CPU.Build.0 = Debug|Any CPU
		{644106E1-253F-4D2E-AA37-36B59813AD4E}.Release|Any CPU.ActiveCfg = Release|Any CPU
		{644106E1-253F-4D2E-AA37-36B59813AD4E}.Release|Any CPU.Build.0 = Release|Any CPU
	EndGlobalSection
	GlobalSection(SolutionProperties) = preSolution
		HideSolutionNode = FALSE
	EndGlobalSection
	GlobalSection(ExtensibilityGlobals) = postSolution
		SolutionGuid = {E4D42D13-3D5E-4147-843D-64A05ABE1A58}
	EndGlobalSection
EndGlobal
